
Microsoft Visual Studio Solution File, Format Version 12.00
Project("{FAE04EC0-301F-11D3-BF4B-00C04F79EFBC}") = "Deadlock", "Deadlock\Deadlock.csproj", "{5F7FC4FF-DC9D-4793-8B89-C9C7B50F4991}"
EndProject
Global
	GlobalSection(SolutionConfigurationPlatforms) = preSolution
		Debug|Any CPU = Debug|Any CPU
		Release|Any CPU = Release|Any CPU
	EndGlobalSection
	GlobalSection(ProjectConfigurationPlatforms) = postSolution
		{5F7FC4FF-DC9D-4793-8B89-C9C7B50F4991}.Debug|Any CPU.ActiveCfg = Debug|Any CPU
		{5F7FC4FF-DC9D-4793-8B89-C9C7B50F4991}.Debug|Any CPU.Build.0 = Debug|Any CPU
		{5F7FC4FF-DC9D-4793-8B89-C9C7B50F4991}.Release|Any CPU.ActiveCfg = Release|Any CPU
		{5F7FC4FF-DC9D-4793-8B89-C9C7B50F4991}.Release|Any CPU.Build.0 = Release|Any CPU
	EndGlobalSection
EndGlobal
